// !$*UTF8*$!
{
	archiveVersion = 1;
	classes = {
	};
	objectVersion = 77;
	objects = {

/* Begin PBXContainerItemProxy section */
		673CA48A2CD820DA006C1C57 /* PBXContainerItemProxy */ = {
			isa = PBXContainerItemProxy;
			containerPortal = 673CA4712CD820D8006C1C57 /* Project object */;
			proxyType = 1;
			remoteGlobalIDString = 673CA4782CD820D8006C1C57;
			remoteInfo = SpotifyAPIDemo;
		};
		673CA4942CD820DA006C1C57 /* PBXContainerItemProxy */ = {
			isa = PBXContainerItemProxy;
			containerPortal = 673CA4712CD820D8006C1C57 /* Project object */;
			proxyType = 1;
			remoteGlobalIDString = 673CA4782CD820D8006C1C57;
			remoteInfo = SpotifyAPIDemo;
		};
/* End PBXContainerItemProxy section */

/* Begin PBXFileReference section */
		673CA4792CD820D8006C1C57 /* SpotifyAPIDemo.app */ = {isa = PBXFileReference; explicitFileType = wrapper.application; includeInIndex = 0; path = SpotifyAPIDemo.app; sourceTree = BUILT_PRODUCTS_DIR; };
		673CA4892CD820DA006C1C57 /* SpotifyAPIDemoTests.xctest */ = {isa = PBXFileReference; explicitFileType = wrapper.cfbundle; includeInIndex = 0; path = SpotifyAPIDemoTests.xctest; sourceTree = BUILT_PRODUCTS_DIR; };
		673CA4932CD820DA006C1C57 /* SpotifyAPIDemoUITests.xctest */ = {isa = PBXFileReference; explicitFileType = wrapper.cfbundle; includeInIndex = 0; path = SpotifyAPIDemoUITests.xctest; sourceTree = BUILT_PRODUCTS_DIR; };
/* End PBXFileReference section */

/* Begin PBXFileSystemSynchronizedRootGroup section */
		673CA47B2CD820D8006C1C57 /* SpotifyAPIDemo */ = {
			isa = PBXFileSystemSynchronizedRootGroup;
			path = SpotifyAPIDemo;
			sourceTree = "<group>";
		};
		673CA48C2CD820DA006C1C57 /* SpotifyAPIDemoTests */ = {
			isa = PBXFileSystemSynchronizedRootGroup;
			path = SpotifyAPIDemoTests;
			sourceTree = "<group>";
		};
		673CA4962CD820DA006C1C57 /* SpotifyAPIDemoUITests */ = {
			isa = PBXFileSystemSynchronizedRootGroup;
			path = SpotifyAPIDemoUITests;
			sourceTree = "<group>";
		};
/* End PBXFileSystemSynchronizedRootGroup section */

/* Begin PBXFrameworksBuildPhase section */
		673CA4762CD820D8006C1C57 /* Frameworks */ = {
			isa = PBXFrameworksBuildPhase;
			buildActionMask = 2147483647;
			files = (
			);
			runOnlyForDeploymentPostprocessing = 0;
		};
		673CA4862CD820DA006C1C57 /* Frameworks */ = {
			isa = PBXFrameworksBuildPhase;
			buildActionMask = 2147483647;
			files = (
			);
			runOnlyForDeploymentPostprocessing = 0;
		};
		673CA4902CD820DA006C1C57 /* Frameworks */ = {
			isa = PBXFrameworksBuildPhase;
			buildActionMask = 2147483647;
			files = (
			);
			runOnlyForDeploymentPostprocessing = 0;
		};
/* End PBXFrameworksBuildPhase section */

/* Begin PBXGroup section */
		673CA4702CD820D8006C1C57 = {
			isa = PBXGroup;
			children = (
				673CA47B2CD820D8006C1C57 /* SpotifyAPIDemo */,
				673CA48C2CD820DA006C1C57 /* SpotifyAPIDemoTests */,
				673CA4962CD820DA006C1C57 /* SpotifyAPIDemoUITests */,
				673CA47A2CD820D8006C1C57 /* Products */,
			);
			sourceTree = "<group>";
		};
		673CA47A2CD820D8006C1C57 /* Products */ = {
			isa = PBXGroup;
			children = (
				673CA4792CD820D8006C1C57 /* SpotifyAPIDemo.app */,
				673CA4892CD820DA006C1C57 /* SpotifyAPIDemoTests.xctest */,
				673CA4932CD820DA006C1C57 /* SpotifyAPIDemoUITests.xctest */,
			);
			name = Products;
			sourceTree = "<group>";
		};
/* End PBXGroup section */

/* Begin PBXNativeTarget section */
		673CA4782CD820D8006C1C57 /* SpotifyAPIDemo */ = {
			isa = PBXNativeTarget;
			buildConfigurationList = 673CA49D2CD820DA006C1C57 /* Build configuration list for PBXNativeTarget "SpotifyAPIDemo" */;
			buildPhases = (
				673CA4752CD820D8006C1C57 /* Sources */,
				673CA4762CD820D8006C1C57 /* Frameworks */,
				673CA4772CD820D8006C1C57 /* Resources */,
			);
			buildRules = (
			);
			dependencies = (
			);
			fileSystemSynchronizedGroups = (
				673CA47B2CD820D8006C1C57 /* SpotifyAPIDemo */,
			);
			name = SpotifyAPIDemo;
			packageProductDependencies = (
			);
			productName = SpotifyAPIDemo;
			productReference = 673CA4792CD820D8006C1C57 /* SpotifyAPIDemo.app */;
			productType = "com.apple.product-type.application";
		};
		673CA4882CD820DA006C1C57 /* SpotifyAPIDemoTests */ = {
			isa = PBXNativeTarget;
			buildConfigurationList = 673CA4A02CD820DA006C1C57 /* Build configuration list for PBXNativeTarget "SpotifyAPIDemoTests" */;
			buildPhases = (
				673CA4852CD820DA006C1C57 /* Sources */,
				673CA4862CD820DA006C1C57 /* Frameworks */,
				673CA4872CD820DA006C1C57 /* Resources */,
			);
			buildRules = (
			);
			dependencies = (
				673CA48B2CD820DA006C1C57 /* PBXTargetDependency */,
			);
			fileSystemSynchronizedGroups = (
				673CA48C2CD820DA006C1C57 /* SpotifyAPIDemoTests */,
			);
			name = SpotifyAPIDemoTests;
			packageProductDependencies = (
			);
			productName = SpotifyAPIDemoTests;
			productReference = 673CA4892CD820DA006C1C57 /* SpotifyAPIDemoTests.xctest */;
			productType = "com.apple.product-type.bundle.unit-test";
		};
		673CA4922CD820DA006C1C57 /* SpotifyAPIDemoUITests */ = {
			isa = PBXNativeTarget;
			buildConfigurationList = 673CA4A32CD820DA006C1C57 /* Build configuration list for PBXNativeTarget "SpotifyAPIDemoUITests" */;
			buildPhases = (
				673CA48F2CD820DA006C1C57 /* Sources */,
				673CA4902CD820DA006C1C57 /* Frameworks */,
				673CA4912CD820DA006C1C57 /* Resources */,
			);
			buildRules = (
			);
			dependencies = (
				673CA4952CD820DA006C1C57 /* PBXTargetDependency */,
			);
			fileSystemSynchronizedGroups = (
				673CA4962CD820DA006C1C57 /* SpotifyAPIDemoUITests */,
			);
			name = SpotifyAPIDemoUITests;
			packageProductDependencies = (
			);
			productName = SpotifyAPIDemoUITests;
			productReference = 673CA4932CD820DA006C1C57 /* SpotifyAPIDemoUITests.xctest */;
			productType = "com.apple.product-type.bundle.ui-testing";
		};
/* End PBXNativeTarget section */

/* Begin PBXProject section */
		673CA4712CD820D8006C1C57 /* Project object */ = {
			isa = PBXProject;
			attributes = {
				BuildIndependentTargetsInParallel = 1;
				LastSwiftUpdateCheck = 1600;
				LastUpgradeCheck = 1600;
				TargetAttributes = {
					673CA4782CD820D8006C1C57 = {
						CreatedOnToolsVersion = 16.0;
					};
					673CA4882CD820DA006C1C57 = {
						CreatedOnToolsVersion = 16.0;
						TestTargetID = 673CA4782CD820D8006C1C57;
					};
					673CA4922CD820DA006C1C57 = {
						CreatedOnToolsVersion = 16.0;
						TestTargetID = 673CA4782CD820D8006C1C57;
					};
				};
			};
			buildConfigurationList = 673CA4742CD820D8006C1C57 /* Build configuration list for PBXProject "SpotifyAPIDemo" */;
			developmentRegion = en;
			hasScannedForEncodings = 0;
			knownRegions = (
				en,
				Base,
			);
			mainGroup = 673CA4702CD820D8006C1C57;
			minimizedProjectReferenceProxies = 1;
			preferredProjectObjectVersion = 77;
			productRefGroup = 673CA47A2CD820D8006C1C57 /* Products */;
			projectDirPath = "";
			projectRoot = "";
			targets = (
				673CA4782CD820D8006C1C57 /* SpotifyAPIDemo */,
				673CA4882CD820DA006C1C57 /* SpotifyAPIDemoTests */,
				673CA4922CD820DA006C1C57 /* SpotifyAPIDemoUITests */,
			);
		};
/* End PBXProject section */

/* Begin PBXResourcesBuildPhase section */
		673CA4772CD820D8006C1C57 /* Resources */ = {
			isa = PBXResourcesBuildPhase;
			buildActionMask = 2147483647;
			files = (
			);
			runOnlyForDeploymentPostprocessing = 0;
		};
		673CA4872CD820DA006C1C57 /* Resources */ = {
			isa = PBXResourcesBuildPhase;
			buildActionMask = 2147483647;
			files = (
			);
			runOnlyForDeploymentPostprocessing = 0;
		};
		673CA4912CD820DA006C1C57 /* Resources */ = {
			isa = PBXResourcesBuildPhase;
			buildActionMask = 2147483647;
			files = (
			);
			runOnlyForDeploymentPostprocessing = 0;
		};
/* End PBXResourcesBuildPhase section */

/* Begin PBXSourcesBuildPhase section */
		673CA4752CD820D8006C1C57 /* Sources */ = {
			isa = PBXSourcesBuildPhase;
			buildActionMask = 2147483647;
			files = (
			);
			runOnlyForDeploymentPostprocessing = 0;
		};
		673CA4852CD820DA006C1C57 /* Sources */ = {
			isa = PBXSourcesBuildPhase;
			buildActionMask = 2147483647;
			files = (
			);
			runOnlyForDeploymentPostprocessing = 0;
		};
		673CA48F2CD820DA006C1C57 /* Sources */ = {
			isa = PBXSourcesBuildPhase;
			buildActionMask = 2147483647;
			files = (
			);
			runOnlyForDeploymentPostprocessing = 0;
		};
/* End PBXSourcesBuildPhase section */

/* Begin PBXTargetDependency section */
		673CA48B2CD820DA006C1C57 /* PBXTargetDependency */ = {
			isa = PBXTargetDependency;
			target = 673CA4782CD820D8006C1C57 /* SpotifyAPIDemo */;
			targetProxy = 673CA48A2CD820DA006C1C57 /* PBXContainerItemProxy */;
		};
		673CA4952CD820DA006C1C57 /* PBXTargetDependency */ = {
			isa = PBXTargetDependency;
			target = 673CA4782CD820D8006C1C57 /* SpotifyAPIDemo */;
			targetProxy = 673CA4942CD820DA006C1C57 /* PBXContainerItemProxy */;
		};
/* End PBXTargetDependency section */

/* Begin XCBuildConfiguration section */
		673CA49B2CD820DA006C1C57 /* Debug */ = {
			isa = XCBuildConfiguration;
			buildSettings = {
				ALWAYS_SEARCH_USER_PATHS = NO;
				ASSETCATALOG_COMPILER_GENERATE_SWIFT_ASSET_SYMBOL_EXTENSIONS = YES;
				CLANG_ANALYZER_NONNULL = YES;
				CLANG_ANALYZER_NUMBER_OBJECT_CONVERSION = YES_AGGRESSIVE;
				CLANG_CXX_LANGUAGE_STANDARD = "gnu++20";
				CLANG_ENABLE_MODULES = YES;
				CLANG_ENABLE_OBJC_ARC = YES;
				CLANG_ENABLE_OBJC_WEAK = YES;
				CLANG_WARN_BLOCK_CAPTURE_AUTORELEASING = YES;
				CLANG_WARN_BOOL_CONVERSION = YES;
				CLANG_WARN_COMMA = YES;
				CLANG_WARN_CONSTANT_CONVERSION = YES;
				CLANG_WARN_DEPRECATED_OBJC_IMPLEMENTATIONS = YES;
				CLANG_WARN_DIRECT_OBJC_ISA_USAGE = YES_ERROR;
				CLANG_WARN_DOCUMENTATION_COMMENTS = YES;
				CLANG_WARN_EMPTY_BODY = YES;
				CLANG_WARN_ENUM_CONVERSION = YES;
				CLANG_WARN_INFINITE_RECURSION = YES;
				CLANG_WARN_INT_CONVERSION = YES;
				CLANG_WARN_NON_LITERAL_NULL_CONVERSION = YES;
				CLANG_WARN_OBJC_IMPLICIT_RETAIN_SELF = YES;
				CLANG_WARN_OBJC_LITERAL_CONVERSION = YES;
				CLANG_WARN_OBJC_ROOT_CLASS = YES_ERROR;
				CLANG_WARN_QUOTED_INCLUDE_IN_FRAMEWORK_HEADER = YES;
				CLANG_WARN_RANGE_LOOP_ANALYSIS = YES;
				CLANG_WARN_STRICT_PROTOTYPES = YES;
				CLANG_WARN_SUSPICIOUS_MOVE = YES;
				CLANG_WARN_UNGUARDED_AVAILABILITY = YES_AGGRESSIVE;
				CLANG_WARN_UNREACHABLE_CODE = YES;
				CLANG_WARN__DUPLICATE_METHOD_MATCH = YES;
				COPY_PHASE_STRIP = NO;
				DEBUG_INFORMATION_FORMAT = dwarf;
				ENABLE_STRICT_OBJC_MSGSEND = YES;
				ENABLE_TESTABILITY = YES;
				ENABLE_USER_SCRIPT_SANDBOXING = YES;
				GCC_C_LANGUAGE_STANDARD = gnu17;
				GCC_DYNAMIC_NO_PIC = NO;
				GCC_NO_COMMON_BLOCKS = YES;
				GCC_OPTIMIZATION_LEVEL = 0;
				GCC_PREPROCESSOR_DEFINITIONS = (
					"DEBUG=1",
					"$(inherited)",
				);
				GCC_WARN_64_TO_32_BIT_CONVERSION = YES;
				GCC_WARN_ABOUT_RETURN_TYPE = YES_ERROR;
				GCC_WARN_UNDECLARED_SELECTOR = YES;
				GCC_WARN_UNINITIALIZED_AUTOS = YES_AGGRESSIVE;
				GCC_WARN_UNUSED_FUNCTION = YES;
				GCC_WARN_UNUSED_VARIABLE = YES;
				IPHONEOS_DEPLOYMENT_TARGET = 18.0;
				LOCALIZATION_PREFERS_STRING_CATALOGS = YES;
				MTL_ENABLE_DEBUG_INFO = INCLUDE_SOURCE;
				MTL_FAST_MATH = YES;
				ONLY_ACTIVE_ARCH = YES;
				SDKROOT = iphoneos;
				SWIFT_ACTIVE_COMPILATION_CONDITIONS = "DEBUG $(inherited)";
				SWIFT_OPTIMIZATION_LEVEL = "-Onone";
			};
			name = Debug;
		};
		673CA49C2CD820DA006C1C57 /* Release */ = {
			isa = XCBuildConfiguration;
			buildSettings = {
				ALWAYS_SEARCH_USER_PATHS = NO;
				ASSETCATALOG_COMPILER_GENERATE_SWIFT_ASSET_SYMBOL_EXTENSIONS = YES;
				CLANG_ANALYZER_NONNULL = YES;
				CLANG_ANALYZER_NUMBER_OBJECT_CONVERSION = YES_AGGRESSIVE;
				CLANG_CXX_LANGUAGE_STANDARD = "gnu++20";
				CLANG_ENABLE_MODULES = YES;
				CLANG_ENABLE_OBJC_ARC = YES;
				CLANG_ENABLE_OBJC_WEAK = YES;
				CLANG_WARN_BLOCK_CAPTURE_AUTORELEASING = YES;
				CLANG_WARN_BOOL_CONVERSION = YES;
				CLANG_WARN_COMMA = YES;
				CLANG_WARN_CONSTANT_CONVERSION = YES;
				CLANG_WARN_DEPRECATED_OBJC_IMPLEMENTATIONS = YES;
				CLANG_WARN_DIRECT_OBJC_ISA_USAGE = YES_ERROR;
				CLANG_WARN_DOCUMENTATION_COMMENTS = YES;
				CLANG_WARN_EMPTY_BODY = YES;
				CLANG_WARN_ENUM_CONVERSION = YES;
				CLANG_WARN_INFINITE_RECURSION = YES;
				CLANG_WARN_INT_CONVERSION = YES;
				CLANG_WARN_NON_LITERAL_NULL_CONVERSION = YES;
				CLANG_WARN_OBJC_IMPLICIT_RETAIN_SELF = YES;
				CLANG_WARN_OBJC_LITERAL_CONVERSION = YES;
				CLANG_WARN_OBJC_ROOT_CLASS = YES_ERROR;
				CLANG_WARN_QUOTED_INCLUDE_IN_FRAMEWORK_HEADER = YES;
				CLANG_WARN_RANGE_LOOP_ANALYSIS = YES;
				CLANG_WARN_STRICT_PROTOTYPES = YES;
				CLANG_WARN_SUSPICIOUS_MOVE = YES;
				CLANG_WARN_UNGUARDED_AVAILABILITY = YES_AGGRESSIVE;
				CLANG_WARN_UNREACHABLE_CODE = YES;
				CLANG_WARN__DUPLICATE_METHOD_MATCH = YES;
				COPY_PHASE_STRIP = NO;
				DEBUG_INFORMATION_FORMAT = "dwarf-with-dsym";
				ENABLE_NS_ASSERTIONS = NO;
				ENABLE_STRICT_OBJC_MSGSEND = YES;
				ENABLE_USER_SCRIPT_SANDBOXING = YES;
				GCC_C_LANGUAGE_STANDARD = gnu17;
				GCC_NO_COMMON_BLOCKS = YES;
				GCC_WARN_64_TO_32_BIT_CONVERSION = YES;
				GCC_WARN_ABOUT_RETURN_TYPE = YES_ERROR;
				GCC_WARN_UNDECLARED_SELECTOR = YES;
				GCC_WARN_UNINITIALIZED_AUTOS = YES_AGGRESSIVE;
				GCC_WARN_UNUSED_FUNCTION = YES;
				GCC_WARN_UNUSED_VARIABLE = YES;
				IPHONEOS_DEPLOYMENT_TARGET = 18.0;
				LOCALIZATION_PREFERS_STRING_CATALOGS = YES;
				MTL_ENABLE_DEBUG_INFO = NO;
				MTL_FAST_MATH = YES;
				SDKROOT = iphoneos;
				SWIFT_COMPILATION_MODE = wholemodule;
				VALIDATE_PRODUCT = YES;
			};
			name = Release;
		};
		673CA49E2CD820DA006C1C57 /* Debug */ = {
			isa = XCBuildConfiguration;
			buildSettings = {
				ASSETCATALOG_COMPILER_APPICON_NAME = AppIcon;
				ASSETCATALOG_COMPILER_GLOBAL_ACCENT_COLOR_NAME = AccentColor;
				CODE_SIGN_STYLE = Automatic;
				CURRENT_PROJECT_VERSION = 1;
				DEVELOPMENT_ASSET_PATHS = "\"SpotifyAPIDemo/Preview Content\"";
				ENABLE_PREVIEWS = YES;
				GENERATE_INFOPLIST_FILE = YES;
				INFOPLIST_KEY_UIApplicationSceneManifest_Generation = YES;
				INFOPLIST_KEY_UIApplicationSupportsIndirectInputEvents = YES;
				INFOPLIST_KEY_UILaunchScreen_Generation = YES;
				INFOPLIST_KEY_UISupportedInterfaceOrientations_iPad = "UIInterfaceOrientationPortrait UIInterfaceOrientationPortraitUpsideDown UIInterfaceOrientationLandscapeLeft UIInterfaceOrientationLandscapeRight";
				INFOPLIST_KEY_UISupportedInterfaceOrientations_iPhone = "UIInterfaceOrientationPortrait UIInterfaceOrientationLandscapeLeft UIInterfaceOrientationLandscapeRight";
				LD_RUNPATH_SEARCH_PATHS = (
					"$(inherited)",
					"@executable_path/Frameworks",
				);
				MARKETING_VERSION = 1.0;
				PRODUCT_BUNDLE_IDENTIFIER = ca.sheridan.SpotifyAPIDemo;
				PRODUCT_NAME = "$(TARGET_NAME)";
				SWIFT_EMIT_LOC_STRINGS = YES;
				SWIFT_VERSION = 5.0;
				TARGETED_DEVICE_FAMILY = "1,2";
			};
			name = Debug;
		};
		673CA49F2CD820DA006C1C57 /* Release */ = {
			isa = XCBuildConfiguration;
			buildSettings = {
				ASSETCATALOG_COMPILER_APPICON_NAME = AppIcon;
				ASSETCATALOG_COMPILER_GLOBAL_ACCENT_COLOR_NAME = AccentColor;
				CODE_SIGN_STYLE = Automatic;
				CURRENT_PROJECT_VERSION = 1;
				DEVELOPMENT_ASSET_PATHS = "\"SpotifyAPIDemo/Preview Content\"";
				ENABLE_PREVIEWS = YES;
				GENERATE_INFOPLIST_FILE = YES;
				INFOPLIST_KEY_UIApplicationSceneManifest_Generation = YES;
				INFOPLIST_KEY_UIApplicationSupportsIndirectInputEvents = YES;
				INFOPLIST_KEY_UILaunchScreen_Generation = YES;
				INFOPLIST_KEY_UISupportedInterfaceOrientations_iPad = "UIInterfaceOrientationPortrait UIInterfaceOrientationPortraitUpsideDown UIInterfaceOrientationLandscapeLeft UIInterfaceOrientationLandscapeRight";
				INFOPLIST_KEY_UISupportedInterfaceOrientations_iPhone = "UIInterfaceOrientationPortrait UIInterfaceOrientationLandscapeLeft UIInterfaceOrientationLandscapeRight";
				LD_RUNPATH_SEARCH_PATHS = (
					"$(inherited)",
					"@executable_path/Frameworks",
				);
				MARKETING_VERSION = 1.0;
				PRODUCT_BUNDLE_IDENTIFIER = ca.sheridan.SpotifyAPIDemo;
				PRODUCT_NAME = "$(TARGET_NAME)";
				SWIFT_EMIT_LOC_STRINGS = YES;
				SWIFT_VERSION = 5.0;
				TARGETED_DEVICE_FAMILY = "1,2";
			};
			name = Release;
		};
		673CA4A12CD820DA006C1C57 /* Debug */ = {
			isa = XCBuildConfiguration;
			buildSettings = {
				BUNDLE_LOADER = "$(TEST_HOST)";
				CODE_SIGN_STYLE = Automatic;
				CURRENT_PROJECT_VERSION = 1;
				GENERATE_INFOPLIST_FILE = YES;
				IPHONEOS_DEPLOYMENT_TARGET = 18.0;
				MARKETING_VERSION = 1.0;
				PRODUCT_BUNDLE_IDENTIFIER = ca.sheridan.SpotifyAPIDemoTests;
				PRODUCT_NAME = "$(TARGET_NAME)";
				SWIFT_EMIT_LOC_STRINGS = NO;
				SWIFT_VERSION = 5.0;
				TARGETED_DEVICE_FAMILY = "1,2";
				TEST_HOST = "$(BUILT_PRODUCTS_DIR)/SpotifyAPIDemo.app/$(BUNDLE_EXECUTABLE_FOLDER_PATH)/SpotifyAPIDemo";
			};
			name = Debug;
		};
		673CA4A22CD820DA006C1C57 /* Release */ = {
			isa = XCBuildConfiguration;
			buildSettings = {
				BUNDLE_LOADER = "$(TEST_HOST)";
				CODE_SIGN_STYLE = Automatic;
				CURRENT_PROJECT_VERSION = 1;
				GENERATE_INFOPLIST_FILE = YES;
				IPHONEOS_DEPLOYMENT_TARGET = 18.0;
				MARKETING_VERSION = 1.0;
				PRODUCT_BUNDLE_IDENTIFIER = ca.sheridan.SpotifyAPIDemoTests;
				PRODUCT_NAME = "$(TARGET_NAME)";
				SWIFT_EMIT_LOC_STRINGS = NO;
				SWIFT_VERSION = 5.0;
				TARGETED_DEVICE_FAMILY = "1,2";
				TEST_HOST = "$(BUILT_PRODUCTS_DIR)/SpotifyAPIDemo.app/$(BUNDLE_EXECUTABLE_FOLDER_PATH)/SpotifyAPIDemo";
			};
			name = Release;
		};
		673CA4A42CD820DA006C1C57 /* Debug */ = {
			isa = XCBuildConfiguration;
			buildSettings = {
				CODE_SIGN_STYLE = Automatic;
				CURRENT_PROJECT_VERSION = 1;
				GENERATE_INFOPLIST_FILE = YES;
				MARKETING_VERSION = 1.0;
				PRODUCT_BUNDLE_IDENTIFIER = ca.sheridan.SpotifyAPIDemoUITests;
				PRODUCT_NAME = "$(TARGET_NAME)";
				SWIFT_EMIT_LOC_STRINGS = NO;
				SWIFT_VERSION = 5.0;
				TARGETED_DEVICE_FAMILY = "1,2";
				TEST_TARGET_NAME = SpotifyAPIDemo;
			};
			name = Debug;
		};
		673CA4A52CD820DA006C1C57 /* Release */ = {
			isa = XCBuildConfiguration;
			buildSettings = {
				CODE_SIGN_STYLE = Automatic;
				CURRENT_PROJECT_VERSION = 1;
				GENERATE_INFOPLIST_FILE = YES;
				MARKETING_VERSION = 1.0;
				PRODUCT_BUNDLE_IDENTIFIER = ca.sheridan.SpotifyAPIDemoUITests;
				PRODUCT_NAME = "$(TARGET_NAME)";
				SWIFT_EMIT_LOC_STRINGS = NO;
				SWIFT_VERSION = 5.0;
				TARGETED_DEVICE_FAMILY = "1,2";
				TEST_TARGET_NAME = SpotifyAPIDemo;
			};
			name = Release;
		};
/* End XCBuildConfiguration section */

/* Begin XCConfigurationList section */
		673CA4742CD820D8006C1C57 /* Build configuration list for PBXProject "SpotifyAPIDemo" */ = {
			isa = XCConfigurationList;
			buildConfigurations = (
				673CA49B2CD820DA006C1C57 /* Debug */,
				673CA49C2CD820DA006C1C57 /* Release */,
			);
			defaultConfigurationIsVisible = 0;
			defaultConfigurationName = Release;
		};
		673CA49D2CD820DA006C1C57 /* Build configuration list for PBXNativeTarget "SpotifyAPIDemo" */ = {
			isa = XCConfigurationList;
			buildConfigurations = (
				673CA49E2CD820DA006C1C57 /* Debug */,
				673CA49F2CD820DA006C1C57 /* Release */,
			);
			defaultConfigurationIsVisible = 0;
			defaultConfigurationName = Release;
		};
		673CA4A02CD820DA006C1C57 /* Build configuration list for PBXNativeTarget "SpotifyAPIDemoTests" */ = {
			isa = XCConfigurationList;
			buildConfigurations = (
				673CA4A12CD820DA006C1C57 /* Debug */,
				673CA4A22CD820DA006C1C57 /* Release */,
			);
			defaultConfigurationIsVisible = 0;
			defaultConfigurationName = Release;
		};
		673CA4A32CD820DA006C1C57 /* Build configuration list for PBXNativeTarget "SpotifyAPIDemoUITests" */ = {
			isa = XCConfigurationList;
			buildConfigurations = (
				673CA4A42CD820DA006C1C57 /* Debug */,
				673CA4A52CD820DA006C1C57 /* Release */,
			);
			defaultConfigurationIsVisible = 0;
			defaultConfigurationName = Release;
		};
/* End XCConfigurationList section */
	};
	rootObject = 673CA4712CD820D8006C1C57 /* Project object */;
}
